// !$*UTF8*$!
{
	archiveVersion = 1;
	classes = {
	};
	objectVersion = 46;
	objects = {

/* Begin PBXBuildFile section */
		647BB9F31A79A6DF002F0C54 /* climate.c in Sources */ = {isa = PBXBuildFile; fileRef = 647BB9A51A79A6DF002F0C54 /* climate.c */; settings = {COMPILER_FLAGS = "-ferror-limit=0"; }; };
		647BB9F41A79A6DF002F0C54 /* consts.h in Headers */ = {isa = PBXBuildFile; fileRef = 647BB9A61A79A6DF002F0C54 /* consts.h */; };
		647BB9F51A79A6DF002F0C54 /* controls.c in Sources */ = {isa = PBXBuildFile; fileRef = 647BB9A71A79A6DF002F0C54 /* controls.c */; settings = {COMPILER_FLAGS = "-ferror-limit=0"; }; };
		647BB9F61A79A6DF002F0C54 /* culvert.c in Sources */ = {isa = PBXBuildFile; fileRef = 647BB9A81A79A6DF002F0C54 /* culvert.c */; settings = {COMPILER_FLAGS = "-ferror-limit=0"; }; };
		647BB9F71A79A6DF002F0C54 /* datetime.c in Sources */ = {isa = PBXBuildFile; fileRef = 647BB9A91A79A6DF002F0C54 /* datetime.c */; settings = {COMPILER_FLAGS = "-ferror-limit=0"; }; };
		647BB9F81A79A6DF002F0C54 /* datetime.h in Headers */ = {isa = PBXBuildFile; fileRef = 647BB9AA1A79A6DF002F0C54 /* datetime.h */; };
		647BB9F91A79A6DF002F0C54 /* dwflow.c in Sources */ = {isa = PBXBuildFile; fileRef = 647BB9AB1A79A6DF002F0C54 /* dwflow.c */; settings = {COMPILER_FLAGS = "-ferror-limit=0"; }; };
		647BB9FA1A79A6DF002F0C54 /* dynwave.c in Sources */ = {isa = PBXBuildFile; fileRef = 647BB9AC1A79A6DF002F0C54 /* dynwave.c */; settings = {COMPILER_FLAGS = "-ferror-limit=0"; }; };
		647BB9FB1A79A6DF002F0C54 /* enums.h in Headers */ = {isa = PBXBuildFile; fileRef = 647BB9AD1A79A6DF002F0C54 /* enums.h */; };
		647BB9FC1A79A6DF002F0C54 /* error.c in Sources */ = {isa = PBXBuildFile; fileRef = 647BB9AE1A79A6DF002F0C54 /* error.c */; settings = {COMPILER_FLAGS = "-ferror-limit=0"; }; };
		647BB9FD1A79A6DF002F0C54 /* error.h in Headers */ = {isa = PBXBuildFile; fileRef = 647BB9AF1A79A6DF002F0C54 /* error.h */; };
		647BB9FE1A79A6DF002F0C54 /* findroot.c in Sources */ = {isa = PBXBuildFile; fileRef = 647BB9B01A79A6DF002F0C54 /* findroot.c */; settings = {COMPILER_FLAGS = "-ferror-limit=0"; }; };
		647BB9FF1A79A6DF002F0C54 /* findroot.h in Headers */ = {isa = PBXBuildFile; fileRef = 647BB9B11A79A6DF002F0C54 /* findroot.h */; };
		647BBA001A79A6DF002F0C54 /* flowrout.c in Sources */ = {isa = PBXBuildFile; fileRef = 647BB9B21A79A6DF002F0C54 /* flowrout.c */; settings = {COMPILER_FLAGS = "-ferror-limit=0"; }; };
		647BBA011A79A6DF002F0C54 /* forcmain.c in Sources */ = {isa = PBXBuildFile; fileRef = 647BB9B31A79A6DF002F0C54 /* forcmain.c */; settings = {COMPILER_FLAGS = "-ferror-limit=0"; }; };
		647BBA021A79A6DF002F0C54 /* funcs.h in Headers */ = {isa = PBXBuildFile; fileRef = 647BB9B41A79A6DF002F0C54 /* funcs.h */; };
		647BBA031A79A6DF002F0C54 /* gage.c in Sources */ = {isa = PBXBuildFile; fileRef = 647BB9B51A79A6DF002F0C54 /* gage.c */; settings = {COMPILER_FLAGS = "-ferror-limit=0"; }; };
		647BBA041A79A6DF002F0C54 /* globals.h in Headers */ = {isa = PBXBuildFile; fileRef = 647BB9B61A79A6DF002F0C54 /* globals.h */; };
		647BBA051A79A6DF002F0C54 /* gwater.c in Sources */ = {isa = PBXBuildFile; fileRef = 647BB9B71A79A6DF002F0C54 /* gwater.c */; settings = {COMPILER_FLAGS = "-ferror-limit=0"; }; };
		647BBA061A79A6DF002F0C54 /* hash.c in Sources */ = {isa = PBXBuildFile; fileRef = 647BB9B81A79A6DF002F0C54 /* hash.c */; settings = {COMPILER_FLAGS = "-ferror-limit=0"; }; };
		647BBA071A79A6DF002F0C54 /* hash.h in Headers */ = {isa = PBXBuildFile; fileRef = 647BB9B91A79A6DF002F0C54 /* hash.h */; };
		647BBA081A79A6DF002F0C54 /* headers.h in Headers */ = {isa = PBXBuildFile; fileRef = 647BB9BA1A79A6DF002F0C54 /* headers.h */; };
		647BBA091A79A6DF002F0C54 /* hotstart.c in Sources */ = {isa = PBXBuildFile; fileRef = 647BB9BB1A79A6DF002F0C54 /* hotstart.c */; settings = {COMPILER_FLAGS = "-ferror-limit=0"; }; };
		647BBA0A1A79A6DF002F0C54 /* iface.c in Sources */ = {isa = PBXBuildFile; fileRef = 647BB9BC1A79A6DF002F0C54 /* iface.c */; settings = {COMPILER_FLAGS = "-ferror-limit=0"; }; };
		647BBA0B1A79A6DF002F0C54 /* infil.c in Sources */ = {isa = PBXBuildFile; fileRef = 647BB9BD1A79A6DF002F0C54 /* infil.c */; settings = {COMPILER_FLAGS = "-ferror-limit=0"; }; };
		647BBA0C1A79A6DF002F0C54 /* infil.h in Headers */ = {isa = PBXBuildFile; fileRef = 647BB9BE1A79A6DF002F0C54 /* infil.h */; };
		647BBA0D1A79A6DF002F0C54 /* inflow.c in Sources */ = {isa = PBXBuildFile; fileRef = 647BB9BF1A79A6DF002F0C54 /* inflow.c */; settings = {COMPILER_FLAGS = "-ferror-limit=0"; }; };
		647BBA0E1A79A6DF002F0C54 /* input.c in Sources */ = {isa = PBXBuildFile; fileRef = 647BB9C01A79A6DF002F0C54 /* input.c */; settings = {COMPILER_FLAGS = "-ferror-limit=0"; }; };
		647BBA0F1A79A6DF002F0C54 /* inputrpt.c in Sources */ = {isa = PBXBuildFile; fileRef = 647BB9C11A79A6DF002F0C54 /* inputrpt.c */; settings = {COMPILER_FLAGS = "-ferror-limit=0"; }; };
		647BBA101A79A6DF002F0C54 /* keywords.c in Sources */ = {isa = PBXBuildFile; fileRef = 647BB9C21A79A6DF002F0C54 /* keywords.c */; settings = {COMPILER_FLAGS = "-ferror-limit=0"; }; };
		647BBA111A79A6DF002F0C54 /* keywords.h in Headers */ = {isa = PBXBuildFile; fileRef = 647BB9C31A79A6DF002F0C54 /* keywords.h */; };
		647BBA121A79A6DF002F0C54 /* kinwave.c in Sources */ = {isa = PBXBuildFile; fileRef = 647BB9C41A79A6DF002F0C54 /* kinwave.c */; settings = {COMPILER_FLAGS = "-ferror-limit=0"; }; };
		647BBA131A79A6DF002F0C54 /* landuse.c in Sources */ = {isa = PBXBuildFile; fileRef = 647BB9C51A79A6DF002F0C54 /* landuse.c */; settings = {COMPILER_FLAGS = "-ferror-limit=0"; }; };
		647BBA141A79A6DF002F0C54 /* lid.c in Sources */ = {isa = PBXBuildFile; fileRef = 647BB9C61A79A6DF002F0C54 /* lid.c */; settings = {COMPILER_FLAGS = "-ferror-limit=0"; }; };
		647BBA151A79A6DF002F0C54 /* lid.h in Headers */ = {isa = PBXBuildFile; fileRef = 647BB9C71A79A6DF002F0C54 /* lid.h */; };
		647BBA161A79A6DF002F0C54 /* lidproc.c in Sources */ = {isa = PBXBuildFile; fileRef = 647BB9C81A79A6DF002F0C54 /* lidproc.c */; settings = {COMPILER_FLAGS = "-ferror-limit=0"; }; };
		647BBA171A79A6DF002F0C54 /* link.c in Sources */ = {isa = PBXBuildFile; fileRef = 647BB9C91A79A6DF002F0C54 /* link.c */; settings = {COMPILER_FLAGS = "-ferror-limit=0"; }; };
		647BBA181A79A6DF002F0C54 /* macros.h in Headers */ = {isa = PBXBuildFile; fileRef = 647BB9CA1A79A6DF002F0C54 /* macros.h */; };
		647BBA191A79A6DF002F0C54 /* massbal.c in Sources */ = {isa = PBXBuildFile; fileRef = 647BB9CB1A79A6DF002F0C54 /* massbal.c */; settings = {COMPILER_FLAGS = "-ferror-limit=0"; }; };
		647BBA1A1A79A6DF002F0C54 /* mathexpr.c in Sources */ = {isa = PBXBuildFile; fileRef = 647BB9CC1A79A6DF002F0C54 /* mathexpr.c */; settings = {COMPILER_FLAGS = "-ferror-limit=0"; }; };
		647BBA1B1A79A6DF002F0C54 /* mathexpr.h in Headers */ = {isa = PBXBuildFile; fileRef = 647BB9CD1A79A6DF002F0C54 /* mathexpr.h */; };
		647BBA1C1A79A6DF002F0C54 /* mempool.c in Sources */ = {isa = PBXBuildFile; fileRef = 647BB9CE1A79A6DF002F0C54 /* mempool.c */; settings = {COMPILER_FLAGS = "-ferror-limit=0"; }; };
		647BBA1D1A79A6DF002F0C54 /* mempool.h in Headers */ = {isa = PBXBuildFile; fileRef = 647BB9CF1A79A6DF002F0C54 /* mempool.h */; };
		647BBA1E1A79A6DF002F0C54 /* node.c in Sources */ = {isa = PBXBuildFile; fileRef = 647BB9D01A79A6DF002F0C54 /* node.c */; settings = {COMPILER_FLAGS = "-ferror-limit=0"; }; };
		647BBA1F1A79A6DF002F0C54 /* objects.h in Headers */ = {isa = PBXBuildFile; fileRef = 647BB9D11A79A6DF002F0C54 /* objects.h */; };
		647BBA201A79A6DF002F0C54 /* odesolve.c in Sources */ = {isa = PBXBuildFile; fileRef = 647BB9D21A79A6DF002F0C54 /* odesolve.c */; settings = {COMPILER_FLAGS = "-ferror-limit=0"; }; };
		647BBA211A79A6DF002F0C54 /* odesolve.h in Headers */ = {isa = PBXBuildFile; fileRef = 647BB9D31A79A6DF002F0C54 /* odesolve.h */; };
		647BBA221A79A6DF002F0C54 /* output.c in Sources */ = {isa = PBXBuildFile; fileRef = 647BB9D41A79A6DF002F0C54 /* output.c */; settings = {COMPILER_FLAGS = "-ferror-limit=0"; }; };
		647BBA231A79A6DF002F0C54 /* project.c in Sources */ = {isa = PBXBuildFile; fileRef = 647BB9D51A79A6DF002F0C54 /* project.c */; settings = {COMPILER_FLAGS = "-ferror-limit=0"; }; };
		647BBA241A79A6DF002F0C54 /* qualrout.c in Sources */ = {isa = PBXBuildFile; fileRef = 647BB9D61A79A6DF002F0C54 /* qualrout.c */; settings = {COMPILER_FLAGS = "-ferror-limit=0"; }; };
		647BBA251A79A6DF002F0C54 /* rain.c in Sources */ = {isa = PBXBuildFile; fileRef = 647BB9D71A79A6DF002F0C54 /* rain.c */; settings = {COMPILER_FLAGS = "-ferror-limit=0"; }; };
		647BBA261A79A6DF002F0C54 /* rdii.c in Sources */ = {isa = PBXBuildFile; fileRef = 647BB9D81A79A6DF002F0C54 /* rdii.c */; settings = {COMPILER_FLAGS = "-ferror-limit=0"; }; };
		647BBA271A79A6DF002F0C54 /* report.c in Sources */ = {isa = PBXBuildFile; fileRef = 647BB9D91A79A6DF002F0C54 /* report.c */; settings = {COMPILER_FLAGS = "-ferror-limit=0"; }; };
		647BBA281A79A6DF002F0C54 /* routing.c in Sources */ = {isa = PBXBuildFile; fileRef = 647BB9DA1A79A6DF002F0C54 /* routing.c */; settings = {COMPILER_FLAGS = "-ferror-limit=0"; }; };
		647BBA291A79A6DF002F0C54 /* runoff.c in Sources */ = {isa = PBXBuildFile; fileRef = 647BB9DB1A79A6DF002F0C54 /* runoff.c */; settings = {COMPILER_FLAGS = "-ferror-limit=0"; }; };
		647BBA2A1A79A6DF002F0C54 /* shape.c in Sources */ = {isa = PBXBuildFile; fileRef = 647BB9DC1A79A6DF002F0C54 /* shape.c */; settings = {COMPILER_FLAGS = "-ferror-limit=0"; }; };
		647BBA2B1A79A6DF002F0C54 /* snow.c in Sources */ = {isa = PBXBuildFile; fileRef = 647BB9DD1A79A6DF002F0C54 /* snow.c */; settings = {COMPILER_FLAGS = "-ferror-limit=0"; }; };
		647BBA2C1A79A6DF002F0C54 /* stats.c in Sources */ = {isa = PBXBuildFile; fileRef = 647BB9DE1A79A6DF002F0C54 /* stats.c */; settings = {COMPILER_FLAGS = "-ferror-limit=0"; }; };
		647BBA2D1A79A6DF002F0C54 /* statsrpt.c in Sources */ = {isa = PBXBuildFile; fileRef = 647BB9DF1A79A6DF002F0C54 /* statsrpt.c */; settings = {COMPILER_FLAGS = "-ferror-limit=0"; }; };
		647BBA2E1A79A6DF002F0C54 /* stdafx.cpp in Sources */ = {isa = PBXBuildFile; fileRef = 647BB9E01A79A6DF002F0C54 /* stdafx.cpp */; settings = {COMPILER_FLAGS = "-ferror-limit=0"; }; };
		647BBA2F1A79A6DF002F0C54 /* stdafx.h in Headers */ = {isa = PBXBuildFile; fileRef = 647BB9E11A79A6DF002F0C54 /* stdafx.h */; };
		647BBA301A79A6DF002F0C54 /* subcatch.c in Sources */ = {isa = PBXBuildFile; fileRef = 647BB9E21A79A6DF002F0C54 /* subcatch.c */; settings = {COMPILER_FLAGS = "-ferror-limit=0"; }; };
		647BBA311A79A6DF002F0C54 /* swmm5.c in Sources */ = {isa = PBXBuildFile; fileRef = 647BB9E31A79A6DF002F0C54 /* swmm5.c */; settings = {COMPILER_FLAGS = "-ferror-limit=0"; }; };
		647BBA321A79A6DF002F0C54 /* swmm5.h in Headers */ = {isa = PBXBuildFile; fileRef = 647BB9E51A79A6DF002F0C54 /* swmm5.h */; };
		647BBA331A79A6DF002F0C54 /* swmmopenmi_global.h in Headers */ = {isa = PBXBuildFile; fileRef = 647BB9E61A79A6DF002F0C54 /* swmmopenmi_global.h */; };
		647BBA341A79A6DF002F0C54 /* swmmopenmi.cpp in Sources */ = {isa = PBXBuildFile; fileRef = 647BB9E71A79A6DF002F0C54 /* swmmopenmi.cpp */; settings = {COMPILER_FLAGS = "-ferror-limit=0"; }; };
		647BBA351A79A6DF002F0C54 /* swmmopenmi.h in Headers */ = {isa = PBXBuildFile; fileRef = 647BB9E81A79A6DF002F0C54 /* swmmopenmi.h */; };
		647BBA361A79A6DF002F0C54 /* swmmopenminoglobals_global.h in Headers */ = {isa = PBXBuildFile; fileRef = 647BB9E91A79A6DF002F0C54 /* swmmopenminoglobals_global.h */; };
		647BBA371A79A6DF002F0C54 /* swmmopenminoglobals.cpp in Sources */ = {isa = PBXBuildFile; fileRef = 647BB9EA1A79A6DF002F0C54 /* swmmopenminoglobals.cpp */; settings = {COMPILER_FLAGS = "-ferror-limit=0"; }; };
		647BBA381A79A6DF002F0C54 /* swmmopenminoglobals.h in Headers */ = {isa = PBXBuildFile; fileRef = 647BB9EB1A79A6DF002F0C54 /* swmmopenminoglobals.h */; };
		647BBA391A79A6DF002F0C54 /* table.c in Sources */ = {isa = PBXBuildFile; fileRef = 647BB9EC1A79A6DF002F0C54 /* table.c */; settings = {COMPILER_FLAGS = "-ferror-limit=0"; }; };
		647BBA3A1A79A6DF002F0C54 /* text.h in Headers */ = {isa = PBXBuildFile; fileRef = 647BB9ED1A79A6DF002F0C54 /* text.h */; };
		647BBA3B1A79A6DF002F0C54 /* toposort.c in Sources */ = {isa = PBXBuildFile; fileRef = 647BB9EE1A79A6DF002F0C54 /* toposort.c */; settings = {COMPILER_FLAGS = "-ferror-limit=0"; }; };
		647BBA3C1A79A6DF002F0C54 /* transect.c in Sources */ = {isa = PBXBuildFile; fileRef = 647BB9EF1A79A6DF002F0C54 /* transect.c */; settings = {COMPILER_FLAGS = "-ferror-limit=0"; }; };
		647BBA3D1A79A6DF002F0C54 /* treatmnt.c in Sources */ = {isa = PBXBuildFile; fileRef = 647BB9F01A79A6DF002F0C54 /* treatmnt.c */; settings = {COMPILER_FLAGS = "-ferror-limit=0"; }; };
		647BBA3E1A79A6DF002F0C54 /* xsect.c in Sources */ = {isa = PBXBuildFile; fileRef = 647BB9F11A79A6DF002F0C54 /* xsect.c */; settings = {COMPILER_FLAGS = "-ferror-limit=0"; }; };
		64D7CD0E1A79785C003CD8B5 /* swmmOpenMINoGlobals.h in Headers */ = {isa = PBXBuildFile; fileRef = 64D7CD0D1A79785C003CD8B5 /* swmmOpenMINoGlobals.h */; };
		64D7CD101A79785C003CD8B5 /* swmmOpenMINoGlobalsPriv.h in Headers */ = {isa = PBXBuildFile; fileRef = 64D7CD0F1A79785C003CD8B5 /* swmmOpenMINoGlobalsPriv.h */; };
		64D7CD121A79785C003CD8B5 /* swmmOpenMINoGlobals.cp in Sources */ = {isa = PBXBuildFile; fileRef = 64D7CD111A79785C003CD8B5 /* swmmOpenMINoGlobals.cp */; settings = {COMPILER_FLAGS = "-ferror-limit=0"; }; };
/* End PBXBuildFile section */

/* Begin PBXFileReference section */
		647BB9A51A79A6DF002F0C54 /* climate.c */ = {isa = PBXFileReference; fileEncoding = 4; lastKnownFileType = sourcecode.c.c; name = climate.c; path = ../climate.c; sourceTree = "<group>"; };
		647BB9A61A79A6DF002F0C54 /* consts.h */ = {isa = PBXFileReference; fileEncoding = 4; lastKnownFileType = sourcecode.c.h; name = consts.h; path = ../consts.h; sourceTree = "<group>"; };
		647BB9A71A79A6DF002F0C54 /* controls.c */ = {isa = PBXFileReference; fileEncoding = 4; lastKnownFileType = sourcecode.c.c; name = controls.c; path = ../controls.c; sourceTree = "<group>"; };
		647BB9A81A79A6DF002F0C54 /* culvert.c */ = {isa = PBXFileReference; fileEncoding = 4; lastKnownFileType = sourcecode.c.c; name = culvert.c; path = ../culvert.c; sourceTree = "<group>"; };
		647BB9A91A79A6DF002F0C54 /* datetime.c */ = {isa = PBXFileReference; fileEncoding = 4; lastKnownFileType = sourcecode.c.c; name = datetime.c; path = ../datetime.c; sourceTree = "<group>"; };
		647BB9AA1A79A6DF002F0C54 /* datetime.h */ = {isa = PBXFileReference; fileEncoding = 4; lastKnownFileType = sourcecode.c.h; name = datetime.h; path = ../datetime.h; sourceTree = "<group>"; };
		647BB9AB1A79A6DF002F0C54 /* dwflow.c */ = {isa = PBXFileReference; fileEncoding = 4; lastKnownFileType = sourcecode.c.c; name = dwflow.c; path = ../dwflow.c; sourceTree = "<group>"; };
		647BB9AC1A79A6DF002F0C54 /* dynwave.c */ = {isa = PBXFileReference; fileEncoding = 4; lastKnownFileType = sourcecode.c.c; name = dynwave.c; path = ../dynwave.c; sourceTree = "<group>"; };
		647BB9AD1A79A6DF002F0C54 /* enums.h */ = {isa = PBXFileReference; fileEncoding = 4; lastKnownFileType = sourcecode.c.h; name = enums.h; path = ../enums.h; sourceTree = "<group>"; };
		647BB9AE1A79A6DF002F0C54 /* error.c */ = {isa = PBXFileReference; fileEncoding = 4; lastKnownFileType = sourcecode.c.c; name = error.c; path = ../error.c; sourceTree = "<group>"; };
		647BB9AF1A79A6DF002F0C54 /* error.h */ = {isa = PBXFileReference; fileEncoding = 4; lastKnownFileType = sourcecode.c.h; name = error.h; path = ../error.h; sourceTree = "<group>"; };
		647BB9B01A79A6DF002F0C54 /* findroot.c */ = {isa = PBXFileReference; fileEncoding = 4; lastKnownFileType = sourcecode.c.c; name = findroot.c; path = ../findroot.c; sourceTree = "<group>"; };
		647BB9B11A79A6DF002F0C54 /* findroot.h */ = {isa = PBXFileReference; fileEncoding = 4; lastKnownFileType = sourcecode.c.h; name = findroot.h; path = ../findroot.h; sourceTree = "<group>"; };
		647BB9B21A79A6DF002F0C54 /* flowrout.c */ = {isa = PBXFileReference; fileEncoding = 4; lastKnownFileType = sourcecode.c.c; name = flowrout.c; path = ../flowrout.c; sourceTree = "<group>"; };
		647BB9B31A79A6DF002F0C54 /* forcmain.c */ = {isa = PBXFileReference; fileEncoding = 4; lastKnownFileType = sourcecode.c.c; name = forcmain.c; path = ../forcmain.c; sourceTree = "<group>"; };
		647BB9B41A79A6DF002F0C54 /* funcs.h */ = {isa = PBXFileReference; fileEncoding = 4; lastKnownFileType = sourcecode.c.h; name = funcs.h; path = ../funcs.h; sourceTree = "<group>"; };
		647BB9B51A79A6DF002F0C54 /* gage.c */ = {isa = PBXFileReference; fileEncoding = 4; lastKnownFileType = sourcecode.c.c; name = gage.c; path = ../gage.c; sourceTree = "<group>"; };
		647BB9B61A79A6DF002F0C54 /* globals.h */ = {isa = PBXFileReference; fileEncoding = 4; lastKnownFileType = sourcecode.c.h; name = globals.h; path = ../globals.h; sourceTree = "<group>"; };
		647BB9B71A79A6DF002F0C54 /* gwater.c */ = {isa = PBXFileReference; fileEncoding = 4; lastKnownFileType = sourcecode.c.c; name = gwater.c; path = ../gwater.c; sourceTree = "<group>"; };
		647BB9B81A79A6DF002F0C54 /* hash.c */ = {isa = PBXFileReference; fileEncoding = 4; lastKnownFileType = sourcecode.c.c; name = hash.c; path = ../hash.c; sourceTree = "<group>"; };
		647BB9B91A79A6DF002F0C54 /* hash.h */ = {isa = PBXFileReference; fileEncoding = 4; lastKnownFileType = sourcecode.c.h; name = hash.h; path = ../hash.h; sourceTree = "<group>"; };
		647BB9BA1A79A6DF002F0C54 /* headers.h */ = {isa = PBXFileReference; fileEncoding = 4; lastKnownFileType = sourcecode.c.h; name = headers.h; path = ../headers.h; sourceTree = "<group>"; };
		647BB9BB1A79A6DF002F0C54 /* hotstart.c */ = {isa = PBXFileReference; fileEncoding = 4; lastKnownFileType = sourcecode.c.c; name = hotstart.c; path = ../hotstart.c; sourceTree = "<group>"; };
		647BB9BC1A79A6DF002F0C54 /* iface.c */ = {isa = PBXFileReference; fileEncoding = 4; lastKnownFileType = sourcecode.c.c; name = iface.c; path = ../iface.c; sourceTree = "<group>"; };
		647BB9BD1A79A6DF002F0C54 /* infil.c */ = {isa = PBXFileReference; fileEncoding = 4; lastKnownFileType = sourcecode.c.c; name = infil.c; path = ../infil.c; sourceTree = "<group>"; };
		647BB9BE1A79A6DF002F0C54 /* infil.h */ = {isa = PBXFileReference; fileEncoding = 4; lastKnownFileType = sourcecode.c.h; name = infil.h; path = ../infil.h; sourceTree = "<group>"; };
		647BB9BF1A79A6DF002F0C54 /* inflow.c */ = {isa = PBXFileReference; fileEncoding = 4; lastKnownFileType = sourcecode.c.c; name = inflow.c; path = ../inflow.c; sourceTree = "<group>"; };
		647BB9C01A79A6DF002F0C54 /* input.c */ = {isa = PBXFileReference; fileEncoding = 4; lastKnownFileType = sourcecode.c.c; name = input.c; path = ../input.c; sourceTree = "<group>"; };
		647BB9C11A79A6DF002F0C54 /* inputrpt.c */ = {isa = PBXFileReference; fileEncoding = 4; lastKnownFileType = sourcecode.c.c; name = inputrpt.c; path = ../inputrpt.c; sourceTree = "<group>"; };
		647BB9C21A79A6DF002F0C54 /* keywords.c */ = {isa = PBXFileReference; fileEncoding = 4; lastKnownFileType = sourcecode.c.c; name = keywords.c; path = ../keywords.c; sourceTree = "<group>"; };
		647BB9C31A79A6DF002F0C54 /* keywords.h */ = {isa = PBXFileReference; fileEncoding = 4; lastKnownFileType = sourcecode.c.h; name = keywords.h; path = ../keywords.h; sourceTree = "<group>"; };
		647BB9C41A79A6DF002F0C54 /* kinwave.c */ = {isa = PBXFileReference; fileEncoding = 4; lastKnownFileType = sourcecode.c.c; name = kinwave.c; path = ../kinwave.c; sourceTree = "<group>"; };
		647BB9C51A79A6DF002F0C54 /* landuse.c */ = {isa = PBXFileReference; fileEncoding = 4; lastKnownFileType = sourcecode.c.c; name = landuse.c; path = ../landuse.c; sourceTree = "<group>"; };
		647BB9C61A79A6DF002F0C54 /* lid.c */ = {isa = PBXFileReference; fileEncoding = 4; lastKnownFileType = sourcecode.c.c; name = lid.c; path = ../lid.c; sourceTree = "<group>"; };
		647BB9C71A79A6DF002F0C54 /* lid.h */ = {isa = PBXFileReference; fileEncoding = 4; lastKnownFileType = sourcecode.c.h; name = lid.h; path = ../lid.h; sourceTree = "<group>"; };
		647BB9C81A79A6DF002F0C54 /* lidproc.c */ = {isa = PBXFileReference; fileEncoding = 4; lastKnownFileType = sourcecode.c.c; name = lidproc.c; path = ../lidproc.c; sourceTree = "<group>"; };
		647BB9C91A79A6DF002F0C54 /* link.c */ = {isa = PBXFileReference; fileEncoding = 4; lastKnownFileType = sourcecode.c.c; name = link.c; path = ../link.c; sourceTree = "<group>"; };
		647BB9CA1A79A6DF002F0C54 /* macros.h */ = {isa = PBXFileReference; fileEncoding = 4; lastKnownFileType = sourcecode.c.h; name = macros.h; path = ../macros.h; sourceTree = "<group>"; };
		647BB9CB1A79A6DF002F0C54 /* massbal.c */ = {isa = PBXFileReference; fileEncoding = 4; lastKnownFileType = sourcecode.c.c; name = massbal.c; path = ../massbal.c; sourceTree = "<group>"; };
		647BB9CC1A79A6DF002F0C54 /* mathexpr.c */ = {isa = PBXFileReference; fileEncoding = 4; lastKnownFileType = sourcecode.c.c; name = mathexpr.c; path = ../mathexpr.c; sourceTree = "<group>"; };
		647BB9CD1A79A6DF002F0C54 /* mathexpr.h */ = {isa = PBXFileReference; fileEncoding = 4; lastKnownFileType = sourcecode.c.h; name = mathexpr.h; path = ../mathexpr.h; sourceTree = "<group>"; };
		647BB9CE1A79A6DF002F0C54 /* mempool.c */ = {isa = PBXFileReference; fileEncoding = 4; lastKnownFileType = sourcecode.c.c; name = mempool.c; path = ../mempool.c; sourceTree = "<group>"; };
		647BB9CF1A79A6DF002F0C54 /* mempool.h */ = {isa = PBXFileReference; fileEncoding = 4; lastKnownFileType = sourcecode.c.h; name = mempool.h; path = ../mempool.h; sourceTree = "<group>"; };
		647BB9D01A79A6DF002F0C54 /* node.c */ = {isa = PBXFileReference; fileEncoding = 4; lastKnownFileType = sourcecode.c.c; name = node.c; path = ../node.c; sourceTree = "<group>"; };
		647BB9D11A79A6DF002F0C54 /* objects.h */ = {isa = PBXFileReference; fileEncoding = 4; lastKnownFileType = sourcecode.c.h; name = objects.h; path = ../objects.h; sourceTree = "<group>"; };
		647BB9D21A79A6DF002F0C54 /* odesolve.c */ = {isa = PBXFileReference; fileEncoding = 4; lastKnownFileType = sourcecode.c.c; name = odesolve.c; path = ../odesolve.c; sourceTree = "<group>"; };
		647BB9D31A79A6DF002F0C54 /* odesolve.h */ = {isa = PBXFileReference; fileEncoding = 4; lastKnownFileType = sourcecode.c.h; name = odesolve.h; path = ../odesolve.h; sourceTree = "<group>"; };
		647BB9D41A79A6DF002F0C54 /* output.c */ = {isa = PBXFileReference; fileEncoding = 4; lastKnownFileType = sourcecode.c.c; name = output.c; path = ../output.c; sourceTree = "<group>"; };
		647BB9D51A79A6DF002F0C54 /* project.c */ = {isa = PBXFileReference; fileEncoding = 4; lastKnownFileType = sourcecode.c.c; name = project.c; path = ../project.c; sourceTree = "<group>"; };
		647BB9D61A79A6DF002F0C54 /* qualrout.c */ = {isa = PBXFileReference; fileEncoding = 4; lastKnownFileType = sourcecode.c.c; name = qualrout.c; path = ../qualrout.c; sourceTree = "<group>"; };
		647BB9D71A79A6DF002F0C54 /* rain.c */ = {isa = PBXFileReference; fileEncoding = 4; lastKnownFileType = sourcecode.c.c; name = rain.c; path = ../rain.c; sourceTree = "<group>"; };
		647BB9D81A79A6DF002F0C54 /* rdii.c */ = {isa = PBXFileReference; fileEncoding = 4; lastKnownFileType = sourcecode.c.c; name = rdii.c; path = ../rdii.c; sourceTree = "<group>"; };
		647BB9D91A79A6DF002F0C54 /* report.c */ = {isa = PBXFileReference; fileEncoding = 4; lastKnownFileType = sourcecode.c.c; name = report.c; path = ../report.c; sourceTree = "<group>"; };
		647BB9DA1A79A6DF002F0C54 /* routing.c */ = {isa = PBXFileReference; fileEncoding = 4; lastKnownFileType = sourcecode.c.c; name = routing.c; path = ../routing.c; sourceTree = "<group>"; };
		647BB9DB1A79A6DF002F0C54 /* runoff.c */ = {isa = PBXFileReference; fileEncoding = 4; lastKnownFileType = sourcecode.c.c; name = runoff.c; path = ../runoff.c; sourceTree = "<group>"; };
		647BB9DC1A79A6DF002F0C54 /* shape.c */ = {isa = PBXFileReference; fileEncoding = 4; lastKnownFileType = sourcecode.c.c; name = shape.c; path = ../shape.c; sourceTree = "<group>"; };
		647BB9DD1A79A6DF002F0C54 /* snow.c */ = {isa = PBXFileReference; fileEncoding = 4; lastKnownFileType = sourcecode.c.c; name = snow.c; path = ../snow.c; sourceTree = "<group>"; };
		647BB9DE1A79A6DF002F0C54 /* stats.c */ = {isa = PBXFileReference; fileEncoding = 4; lastKnownFileType = sourcecode.c.c; name = stats.c; path = ../stats.c; sourceTree = "<group>"; };
		647BB9DF1A79A6DF002F0C54 /* statsrpt.c */ = {isa = PBXFileReference; fileEncoding = 4; lastKnownFileType = sourcecode.c.c; name = statsrpt.c; path = ../statsrpt.c; sourceTree = "<group>"; };
		647BB9E01A79A6DF002F0C54 /* stdafx.cpp */ = {isa = PBXFileReference; fileEncoding = 4; lastKnownFileType = sourcecode.cpp.cpp; name = stdafx.cpp; path = ../stdafx.cpp; sourceTree = "<group>"; };
		647BB9E11A79A6DF002F0C54 /* stdafx.h */ = {isa = PBXFileReference; fileEncoding = 4; lastKnownFileType = sourcecode.c.h; name = stdafx.h; path = ../stdafx.h; sourceTree = "<group>"; };
		647BB9E21A79A6DF002F0C54 /* subcatch.c */ = {isa = PBXFileReference; fileEncoding = 4; lastKnownFileType = sourcecode.c.c; name = subcatch.c; path = ../subcatch.c; sourceTree = "<group>"; };
		647BB9E31A79A6DF002F0C54 /* swmm5.c */ = {isa = PBXFileReference; fileEncoding = 4; lastKnownFileType = sourcecode.c.c; name = swmm5.c; path = ../swmm5.c; sourceTree = "<group>"; };
		647BB9E41A79A6DF002F0C54 /* swmm5.def */ = {isa = PBXFileReference; fileEncoding = 4; lastKnownFileType = text; name = swmm5.def; path = ../swmm5.def; sourceTree = "<group>"; };
		647BB9E51A79A6DF002F0C54 /* swmm5.h */ = {isa = PBXFileReference; fileEncoding = 4; lastKnownFileType = sourcecode.c.h; name = swmm5.h; path = ../swmm5.h; sourceTree = "<group>"; };
		647BB9E61A79A6DF002F0C54 /* swmmopenmi_global.h */ = {isa = PBXFileReference; fileEncoding = 4; lastKnownFileType = sourcecode.c.h; name = swmmopenmi_global.h; path = ../swmmopenmi_global.h; sourceTree = "<group>"; };
		647BB9E71A79A6DF002F0C54 /* swmmopenmi.cpp */ = {isa = PBXFileReference; fileEncoding = 4; lastKnownFileType = sourcecode.cpp.cpp; name = swmmopenmi.cpp; path = ../swmmopenmi.cpp; sourceTree = "<group>"; };
		647BB9E81A79A6DF002F0C54 /* swmmopenmi.h */ = {isa = PBXFileReference; fileEncoding = 4; lastKnownFileType = sourcecode.c.h; name = swmmopenmi.h; path = ../swmmopenmi.h; sourceTree = "<group>"; };
		647BB9E91A79A6DF002F0C54 /* swmmopenminoglobals_global.h */ = {isa = PBXFileReference; fileEncoding = 4; lastKnownFileType = sourcecode.c.h; name = swmmopenminoglobals_global.h; path = ../swmmopenminoglobals_global.h; sourceTree = "<group>"; };
		647BB9EA1A79A6DF002F0C54 /* swmmopenminoglobals.cpp */ = {isa = PBXFileReference; fileEncoding = 4; lastKnownFileType = sourcecode.cpp.cpp; name = swmmopenminoglobals.cpp; path = ../swmmopenminoglobals.cpp; sourceTree = "<group>"; };
		647BB9EB1A79A6DF002F0C54 /* swmmopenminoglobals.h */ = {isa = PBXFileReference; fileEncoding = 4; lastKnownFileType = sourcecode.c.h; name = swmmopenminoglobals.h; path = ../swmmopenminoglobals.h; sourceTree = "<group>"; };
		647BB9EC1A79A6DF002F0C54 /* table.c */ = {isa = PBXFileReference; fileEncoding = 4; lastKnownFileType = sourcecode.c.c; name = table.c; path = ../table.c; sourceTree = "<group>"; };
		647BB9ED1A79A6DF002F0C54 /* text.h */ = {isa = PBXFileReference; fileEncoding = 4; lastKnownFileType = sourcecode.c.h; name = text.h; path = ../text.h; sourceTree = "<group>"; };
		647BB9EE1A79A6DF002F0C54 /* toposort.c */ = {isa = PBXFileReference; fileEncoding = 4; lastKnownFileType = sourcecode.c.c; name = toposort.c; path = ../toposort.c; sourceTree = "<group>"; };
		647BB9EF1A79A6DF002F0C54 /* transect.c */ = {isa = PBXFileReference; fileEncoding = 4; lastKnownFileType = sourcecode.c.c; name = transect.c; path = ../transect.c; sourceTree = "<group>"; };
		647BB9F01A79A6DF002F0C54 /* treatmnt.c */ = {isa = PBXFileReference; fileEncoding = 4; lastKnownFileType = sourcecode.c.c; name = treatmnt.c; path = ../treatmnt.c; sourceTree = "<group>"; };
		647BB9F11A79A6DF002F0C54 /* xsect.c */ = {isa = PBXFileReference; fileEncoding = 4; lastKnownFileType = sourcecode.c.c; name = xsect.c; path = ../xsect.c; sourceTree = "<group>"; };
		647BB9F21A79A6DF002F0C54 /* xsect.dat */ = {isa = PBXFileReference; fileEncoding = 4; lastKnownFileType = text; name = xsect.dat; path = ../xsect.dat; sourceTree = "<group>"; };
		64D7CD0A1A79785C003CD8B5 /* libswmmOpenMINoGlobals.dylib */ = {isa = PBXFileReference; explicitFileType = "compiled.mach-o.dylib"; includeInIndex = 0; path = libswmmOpenMINoGlobals.dylib; sourceTree = BUILT_PRODUCTS_DIR; };
		64D7CD0D1A79785C003CD8B5 /* swmmOpenMINoGlobals.h */ = {isa = PBXFileReference; lastKnownFileType = sourcecode.c.h; path = swmmOpenMINoGlobals.h; sourceTree = "<group>"; };
		64D7CD0F1A79785C003CD8B5 /* swmmOpenMINoGlobalsPriv.h */ = {isa = PBXFileReference; lastKnownFileType = sourcecode.c.h; path = swmmOpenMINoGlobalsPriv.h; sourceTree = "<group>"; };
		64D7CD111A79785C003CD8B5 /* swmmOpenMINoGlobals.cp */ = {isa = PBXFileReference; lastKnownFileType = sourcecode.cpp.cpp; path = swmmOpenMINoGlobals.cp; sourceTree = "<group>"; };
/* End PBXFileReference section */

/* Begin PBXFrameworksBuildPhase section */
		64D7CD071A79785C003CD8B5 /* Frameworks */ = {
			isa = PBXFrameworksBuildPhase;
			buildActionMask = 2147483647;
			files = (
			);
			runOnlyForDeploymentPostprocessing = 0;
		};
/* End PBXFrameworksBuildPhase section */

/* Begin PBXGroup section */
		64D7CD011A79785C003CD8B5 = {
			isa = PBXGroup;
			children = (
				647BB9A51A79A6DF002F0C54 /* climate.c */,
				647BB9A61A79A6DF002F0C54 /* consts.h */,
				647BB9A71A79A6DF002F0C54 /* controls.c */,
				647BB9A81A79A6DF002F0C54 /* culvert.c */,
				647BB9A91A79A6DF002F0C54 /* datetime.c */,
				647BB9AA1A79A6DF002F0C54 /* datetime.h */,
				647BB9AB1A79A6DF002F0C54 /* dwflow.c */,
				647BB9AC1A79A6DF002F0C54 /* dynwave.c */,
				647BB9AD1A79A6DF002F0C54 /* enums.h */,
				647BB9AE1A79A6DF002F0C54 /* error.c */,
				647BB9AF1A79A6DF002F0C54 /* error.h */,
				647BB9B01A79A6DF002F0C54 /* findroot.c */,
				647BB9B11A79A6DF002F0C54 /* findroot.h */,
				647BB9B21A79A6DF002F0C54 /* flowrout.c */,
				647BB9B31A79A6DF002F0C54 /* forcmain.c */,
				647BB9B41A79A6DF002F0C54 /* funcs.h */,
				647BB9B51A79A6DF002F0C54 /* gage.c */,
				647BB9B61A79A6DF002F0C54 /* globals.h */,
				647BB9B71A79A6DF002F0C54 /* gwater.c */,
				647BB9B81A79A6DF002F0C54 /* hash.c */,
				647BB9B91A79A6DF002F0C54 /* hash.h */,
				647BB9BA1A79A6DF002F0C54 /* headers.h */,
				647BB9BB1A79A6DF002F0C54 /* hotstart.c */,
				647BB9BC1A79A6DF002F0C54 /* iface.c */,
				647BB9BD1A79A6DF002F0C54 /* infil.c */,
				647BB9BE1A79A6DF002F0C54 /* infil.h */,
				647BB9BF1A79A6DF002F0C54 /* inflow.c */,
				647BB9C01A79A6DF002F0C54 /* input.c */,
				647BB9C11A79A6DF002F0C54 /* inputrpt.c */,
				647BB9C31A79A6DF002F0C54 /* keywords.h */,
				647BB9C21A79A6DF002F0C54 /* keywords.c */,
				647BB9C41A79A6DF002F0C54 /* kinwave.c */,
				647BB9C51A79A6DF002F0C54 /* landuse.c */,
				647BB9C61A79A6DF002F0C54 /* lid.c */,
				647BB9C71A79A6DF002F0C54 /* lid.h */,
				647BB9C81A79A6DF002F0C54 /* lidproc.c */,
				647BB9C91A79A6DF002F0C54 /* link.c */,
				647BB9CA1A79A6DF002F0C54 /* macros.h */,
				647BB9CB1A79A6DF002F0C54 /* massbal.c */,
				647BB9CC1A79A6DF002F0C54 /* mathexpr.c */,
				647BB9CD1A79A6DF002F0C54 /* mathexpr.h */,
				647BB9CE1A79A6DF002F0C54 /* mempool.c */,
				647BB9CF1A79A6DF002F0C54 /* mempool.h */,
				647BB9D01A79A6DF002F0C54 /* node.c */,
				647BB9D11A79A6DF002F0C54 /* objects.h */,
				647BB9D21A79A6DF002F0C54 /* odesolve.c */,
				647BB9D31A79A6DF002F0C54 /* odesolve.h */,
				647BB9D41A79A6DF002F0C54 /* output.c */,
				647BB9D51A79A6DF002F0C54 /* project.c */,
				647BB9D61A79A6DF002F0C54 /* qualrout.c */,
				647BB9D71A79A6DF002F0C54 /* rain.c */,
				647BB9D81A79A6DF002F0C54 /* rdii.c */,
				647BB9D91A79A6DF002F0C54 /* report.c */,
				647BB9DA1A79A6DF002F0C54 /* routing.c */,
				647BB9DB1A79A6DF002F0C54 /* runoff.c */,
				647BB9DC1A79A6DF002F0C54 /* shape.c */,
				647BB9DD1A79A6DF002F0C54 /* snow.c */,
				647BB9DE1A79A6DF002F0C54 /* stats.c */,
				647BB9DF1A79A6DF002F0C54 /* statsrpt.c */,
				647BB9E01A79A6DF002F0C54 /* stdafx.cpp */,
				647BB9E11A79A6DF002F0C54 /* stdafx.h */,
				647BB9E21A79A6DF002F0C54 /* subcatch.c */,
				647BB9E31A79A6DF002F0C54 /* swmm5.c */,
				647BB9E41A79A6DF002F0C54 /* swmm5.def */,
				647BB9E51A79A6DF002F0C54 /* swmm5.h */,
				647BB9E61A79A6DF002F0C54 /* swmmopenmi_global.h */,
				647BB9E71A79A6DF002F0C54 /* swmmopenmi.cpp */,
				647BB9E81A79A6DF002F0C54 /* swmmopenmi.h */,
				647BB9E91A79A6DF002F0C54 /* swmmopenminoglobals_global.h */,
				647BB9EA1A79A6DF002F0C54 /* swmmopenminoglobals.cpp */,
				647BB9EB1A79A6DF002F0C54 /* swmmopenminoglobals.h */,
				647BB9EC1A79A6DF002F0C54 /* table.c */,
				647BB9ED1A79A6DF002F0C54 /* text.h */,
				647BB9EE1A79A6DF002F0C54 /* toposort.c */,
				647BB9EF1A79A6DF002F0C54 /* transect.c */,
				647BB9F01A79A6DF002F0C54 /* treatmnt.c */,
				647BB9F11A79A6DF002F0C54 /* xsect.c */,
				647BB9F21A79A6DF002F0C54 /* xsect.dat */,
				64D7CD0C1A79785C003CD8B5 /* swmmOpenMINoGlobals */,
				64D7CD0B1A79785C003CD8B5 /* Products */,
			);
			sourceTree = "<group>";
		};
		64D7CD0B1A79785C003CD8B5 /* Products */ = {
			isa = PBXGroup;
			children = (
				64D7CD0A1A79785C003CD8B5 /* libswmmOpenMINoGlobals.dylib */,
			);
			name = Products;
			sourceTree = "<group>";
		};
		64D7CD0C1A79785C003CD8B5 /* swmmOpenMINoGlobals */ = {
			isa = PBXGroup;
			children = (
				64D7CD0D1A79785C003CD8B5 /* swmmOpenMINoGlobals.h */,
				64D7CD0F1A79785C003CD8B5 /* swmmOpenMINoGlobalsPriv.h */,
				64D7CD111A79785C003CD8B5 /* swmmOpenMINoGlobals.cp */,
			);
			path = swmmOpenMINoGlobals;
			sourceTree = "<group>";
		};
/* End PBXGroup section */

/* Begin PBXHeadersBuildPhase section */
		64D7CD081A79785C003CD8B5 /* Headers */ = {
			isa = PBXHeadersBuildPhase;
			buildActionMask = 2147483647;
			files = (
				647BBA321A79A6DF002F0C54 /* swmm5.h in Headers */,
				647BBA111A79A6DF002F0C54 /* keywords.h in Headers */,
				647BBA071A79A6DF002F0C54 /* hash.h in Headers */,
				647BBA1D1A79A6DF002F0C54 /* mempool.h in Headers */,
				64D7CD0E1A79785C003CD8B5 /* swmmOpenMINoGlobals.h in Headers */,
				647BB9FB1A79A6DF002F0C54 /* enums.h in Headers */,
				647BBA0C1A79A6DF002F0C54 /* infil.h in Headers */,
				647BB9FF1A79A6DF002F0C54 /* findroot.h in Headers */,
				647BBA1F1A79A6DF002F0C54 /* objects.h in Headers */,
				647BBA151A79A6DF002F0C54 /* lid.h in Headers */,
				647BBA381A79A6DF002F0C54 /* swmmopenminoglobals.h in Headers */,
				647BBA041A79A6DF002F0C54 /* globals.h in Headers */,
				647BB9F81A79A6DF002F0C54 /* datetime.h in Headers */,
				647BBA3A1A79A6DF002F0C54 /* text.h in Headers */,
				647BBA1B1A79A6DF002F0C54 /* mathexpr.h in Headers */,
				647BBA2F1A79A6DF002F0C54 /* stdafx.h in Headers */,
				647BBA021A79A6DF002F0C54 /* funcs.h in Headers */,
				647BB9FD1A79A6DF002F0C54 /* error.h in Headers */,
				647BBA181A79A6DF002F0C54 /* macros.h in Headers */,
				647BB9F41A79A6DF002F0C54 /* consts.h in Headers */,
				647BBA081A79A6DF002F0C54 /* headers.h in Headers */,
				647BBA351A79A6DF002F0C54 /* swmmopenmi.h in Headers */,
				647BBA331A79A6DF002F0C54 /* swmmopenmi_global.h in Headers */,
				64D7CD101A79785C003CD8B5 /* swmmOpenMINoGlobalsPriv.h in Headers */,
				647BBA211A79A6DF002F0C54 /* odesolve.h in Headers */,
				647BBA361A79A6DF002F0C54 /* swmmopenminoglobals_global.h in Headers */,
			);
			runOnlyForDeploymentPostprocessing = 0;
		};
/* End PBXHeadersBuildPhase section */

/* Begin PBXNativeTarget section */
		64D7CD091A79785C003CD8B5 /* swmmOpenMINoGlobals */ = {
			isa = PBXNativeTarget;
			buildConfigurationList = 64D7CD151A79785C003CD8B5 /* Build configuration list for PBXNativeTarget "swmmOpenMINoGlobals" */;
			buildPhases = (
				64D7CD061A79785C003CD8B5 /* Sources */,
				64D7CD071A79785C003CD8B5 /* Frameworks */,
				64D7CD081A79785C003CD8B5 /* Headers */,
			);
			buildRules = (
			);
			dependencies = (
			);
			name = swmmOpenMINoGlobals;
			productName = swmmOpenMINoGlobals;
			productReference = 64D7CD0A1A79785C003CD8B5 /* libswmmOpenMINoGlobals.dylib */;
			productType = "com.apple.product-type.library.dynamic";
		};
/* End PBXNativeTarget section */

/* Begin PBXProject section */
		64D7CD021A79785C003CD8B5 /* Project object */ = {
			isa = PBXProject;
			attributes = {
				LastUpgradeCheck = 0610;
				ORGANIZATIONNAME = "Tony Castronova";
				TargetAttributes = {
					64D7CD091A79785C003CD8B5 = {
						CreatedOnToolsVersion = 6.1.1;
					};
				};
			};
			buildConfigurationList = 64D7CD051A79785C003CD8B5 /* Build configuration list for PBXProject "swmmOpenMINoGlobals" */;
			compatibilityVersion = "Xcode 3.2";
			developmentRegion = English;
			hasScannedForEncodings = 0;
			knownRegions = (
				en,
			);
			mainGroup = 64D7CD011A79785C003CD8B5;
			productRefGroup = 64D7CD0B1A79785C003CD8B5 /* Products */;
			projectDirPath = "";
			projectRoot = "";
			targets = (
				64D7CD091A79785C003CD8B5 /* swmmOpenMINoGlobals */,
			);
		};
/* End PBXProject section */

/* Begin PBXSourcesBuildPhase section */
		64D7CD061A79785C003CD8B5 /* Sources */ = {
			isa = PBXSourcesBuildPhase;
			buildActionMask = 2147483647;
			files = (
				647BBA1A1A79A6DF002F0C54 /* mathexpr.c in Sources */,
				647BBA191A79A6DF002F0C54 /* massbal.c in Sources */,
				647BBA0A1A79A6DF002F0C54 /* iface.c in Sources */,
				647BBA121A79A6DF002F0C54 /* kinwave.c in Sources */,
				647BB9FE1A79A6DF002F0C54 /* findroot.c in Sources */,
				647BBA1E1A79A6DF002F0C54 /* node.c in Sources */,
				647BB9F91A79A6DF002F0C54 /* dwflow.c in Sources */,
				64D7CD121A79785C003CD8B5 /* swmmOpenMINoGlobals.cp in Sources */,
				647BBA201A79A6DF002F0C54 /* odesolve.c in Sources */,
				647BBA2A1A79A6DF002F0C54 /* shape.c in Sources */,
				647BBA3C1A79A6DF002F0C54 /* transect.c in Sources */,
				647BBA3E1A79A6DF002F0C54 /* xsect.c in Sources */,
				647BBA0B1A79A6DF002F0C54 /* infil.c in Sources */,
				647BBA271A79A6DF002F0C54 /* report.c in Sources */,
				647BBA221A79A6DF002F0C54 /* output.c in Sources */,
				647BBA091A79A6DF002F0C54 /* hotstart.c in Sources */,
				647BBA241A79A6DF002F0C54 /* qualrout.c in Sources */,
				647BBA031A79A6DF002F0C54 /* gage.c in Sources */,
				647BBA101A79A6DF002F0C54 /* keywords.c in Sources */,
				647BBA261A79A6DF002F0C54 /* rdii.c in Sources */,
				647BBA251A79A6DF002F0C54 /* rain.c in Sources */,
				647BBA001A79A6DF002F0C54 /* flowrout.c in Sources */,
				647BB9FC1A79A6DF002F0C54 /* error.c in Sources */,
				647BBA371A79A6DF002F0C54 /* swmmopenminoglobals.cpp in Sources */,
				647BBA2D1A79A6DF002F0C54 /* statsrpt.c in Sources */,
				647BBA391A79A6DF002F0C54 /* table.c in Sources */,
				647BBA2C1A79A6DF002F0C54 /* stats.c in Sources */,
				647BBA301A79A6DF002F0C54 /* subcatch.c in Sources */,
				647BBA0F1A79A6DF002F0C54 /* inputrpt.c in Sources */,
				647BB9F31A79A6DF002F0C54 /* climate.c in Sources */,
				647BBA171A79A6DF002F0C54 /* link.c in Sources */,
				647BBA0E1A79A6DF002F0C54 /* input.c in Sources */,
				647BBA231A79A6DF002F0C54 /* project.c in Sources */,
				647BB9FA1A79A6DF002F0C54 /* dynwave.c in Sources */,
				647BBA141A79A6DF002F0C54 /* lid.c in Sources */,
				647BBA2B1A79A6DF002F0C54 /* snow.c in Sources */,
				647BBA051A79A6DF002F0C54 /* gwater.c in Sources */,
				647BBA3B1A79A6DF002F0C54 /* toposort.c in Sources */,
				647BBA281A79A6DF002F0C54 /* routing.c in Sources */,
				647BBA161A79A6DF002F0C54 /* lidproc.c in Sources */,
				647BBA0D1A79A6DF002F0C54 /* inflow.c in Sources */,
				647BB9F51A79A6DF002F0C54 /* controls.c in Sources */,
				647BB9F71A79A6DF002F0C54 /* datetime.c in Sources */,
				647BBA3D1A79A6DF002F0C54 /* treatmnt.c in Sources */,
				647BB9F61A79A6DF002F0C54 /* culvert.c in Sources */,
				647BBA311A79A6DF002F0C54 /* swmm5.c in Sources */,
				647BBA341A79A6DF002F0C54 /* swmmopenmi.cpp in Sources */,
				647BBA011A79A6DF002F0C54 /* forcmain.c in Sources */,
				647BBA291A79A6DF002F0C54 /* runoff.c in Sources */,
				647BBA1C1A79A6DF002F0C54 /* mempool.c in Sources */,
				647BBA2E1A79A6DF002F0C54 /* stdafx.cpp in Sources */,
				647BBA131A79A6DF002F0C54 /* landuse.c in Sources */,
				647BBA061A79A6DF002F0C54 /* hash.c in Sources */,
			);
			runOnlyForDeploymentPostprocessing = 0;
		};
/* End PBXSourcesBuildPhase section */

/* Begin XCBuildConfiguration section */
		64D7CD131A79785C003CD8B5 /* Debug */ = {
			isa = XCBuildConfiguration;
			buildSettings = {
				ALWAYS_SEARCH_USER_PATHS = NO;
				CLANG_CXX_LANGUAGE_STANDARD = "gnu++0x";
				CLANG_CXX_LIBRARY = "libc++";
				CLANG_ENABLE_MODULES = YES;
				CLANG_ENABLE_OBJC_ARC = YES;
				CLANG_WARN_BOOL_CONVERSION = YES;
				CLANG_WARN_CONSTANT_CONVERSION = YES;
				CLANG_WARN_DIRECT_OBJC_ISA_USAGE = YES_ERROR;
				CLANG_WARN_EMPTY_BODY = YES;
				CLANG_WARN_ENUM_CONVERSION = YES;
				CLANG_WARN_INT_CONVERSION = YES;
				CLANG_WARN_OBJC_ROOT_CLASS = YES_ERROR;
				CLANG_WARN_UNREACHABLE_CODE = YES;
				CLANG_WARN__DUPLICATE_METHOD_MATCH = YES;
				COPY_PHASE_STRIP = NO;
				ENABLE_STRICT_OBJC_MSGSEND = YES;
				GCC_C_LANGUAGE_STANDARD = gnu99;
				GCC_DYNAMIC_NO_PIC = NO;
				GCC_OPTIMIZATION_LEVEL = 0;
				GCC_PREPROCESSOR_DEFINITIONS = (
					"DEBUG=1",
					"$(inherited)",
				);
				GCC_SYMBOLS_PRIVATE_EXTERN = NO;
				GCC_WARN_64_TO_32_BIT_CONVERSION = YES;
				GCC_WARN_ABOUT_RETURN_TYPE = YES_ERROR;
				GCC_WARN_UNDECLARED_SELECTOR = YES;
				GCC_WARN_UNINITIALIZED_AUTOS = YES_AGGRESSIVE;
				GCC_WARN_UNUSED_FUNCTION = YES;
				GCC_WARN_UNUSED_VARIABLE = YES;
				MACOSX_DEPLOYMENT_TARGET = 10.9;
				MTL_ENABLE_DEBUG_INFO = YES;
				ONLY_ACTIVE_ARCH = YES;
				SDKROOT = macosx;
			};
			name = Debug;
		};
		64D7CD141A79785C003CD8B5 /* Release */ = {
			isa = XCBuildConfiguration;
			buildSettings = {
				ALWAYS_SEARCH_USER_PATHS = NO;
				CLANG_CXX_LANGUAGE_STANDARD = "gnu++0x";
				CLANG_CXX_LIBRARY = "libc++";
				CLANG_ENABLE_MODULES = YES;
				CLANG_ENABLE_OBJC_ARC = YES;
				CLANG_WARN_BOOL_CONVERSION = YES;
				CLANG_WARN_CONSTANT_CONVERSION = YES;
				CLANG_WARN_DIRECT_OBJC_ISA_USAGE = YES_ERROR;
				CLANG_WARN_EMPTY_BODY = YES;
				CLANG_WARN_ENUM_CONVERSION = YES;
				CLANG_WARN_INT_CONVERSION = YES;
				CLANG_WARN_OBJC_ROOT_CLASS = YES_ERROR;
				CLANG_WARN_UNREACHABLE_CODE = YES;
				CLANG_WARN__DUPLICATE_METHOD_MATCH = YES;
				COPY_PHASE_STRIP = YES;
				DEBUG_INFORMATION_FORMAT = "dwarf-with-dsym";
				ENABLE_NS_ASSERTIONS = NO;
				ENABLE_STRICT_OBJC_MSGSEND = YES;
				GCC_C_LANGUAGE_STANDARD = gnu99;
				GCC_WARN_64_TO_32_BIT_CONVERSION = YES;
				GCC_WARN_ABOUT_RETURN_TYPE = YES_ERROR;
				GCC_WARN_UNDECLARED_SELECTOR = YES;
				GCC_WARN_UNINITIALIZED_AUTOS = YES_AGGRESSIVE;
				GCC_WARN_UNUSED_FUNCTION = YES;
				GCC_WARN_UNUSED_VARIABLE = YES;
				MACOSX_DEPLOYMENT_TARGET = 10.9;
				MTL_ENABLE_DEBUG_INFO = NO;
				SDKROOT = macosx;
			};
			name = Release;
		};
		64D7CD161A79785C003CD8B5 /* Debug */ = {
			isa = XCBuildConfiguration;
			buildSettings = {
				DYLIB_COMPATIBILITY_VERSION = 1;
				DYLIB_CURRENT_VERSION = 1;
				EXECUTABLE_PREFIX = lib;
				GCC_ENABLE_CPP_EXCEPTIONS = YES;
				GCC_ENABLE_CPP_RTTI = YES;
				GCC_SYMBOLS_PRIVATE_EXTERN = YES;
				PRODUCT_NAME = "$(TARGET_NAME)";
			};
			name = Debug;
		};
		64D7CD171A79785C003CD8B5 /* Release */ = {
			isa = XCBuildConfiguration;
			buildSettings = {
				DYLIB_COMPATIBILITY_VERSION = 1;
				DYLIB_CURRENT_VERSION = 1;
				EXECUTABLE_PREFIX = lib;
				GCC_ENABLE_CPP_EXCEPTIONS = YES;
				GCC_ENABLE_CPP_RTTI = YES;
				GCC_SYMBOLS_PRIVATE_EXTERN = YES;
				PRODUCT_NAME = "$(TARGET_NAME)";
			};
			name = Release;
		};
/* End XCBuildConfiguration section */

/* Begin XCConfigurationList section */
		64D7CD051A79785C003CD8B5 /* Build configuration list for PBXProject "swmmOpenMINoGlobals" */ = {
			isa = XCConfigurationList;
			buildConfigurations = (
				64D7CD131A79785C003CD8B5 /* Debug */,
				64D7CD141A79785C003CD8B5 /* Release */,
			);
			defaultConfigurationIsVisible = 0;
			defaultConfigurationName = Release;
		};
		64D7CD151A79785C003CD8B5 /* Build configuration list for PBXNativeTarget "swmmOpenMINoGlobals" */ = {
			isa = XCConfigurationList;
			buildConfigurations = (
				64D7CD161A79785C003CD8B5 /* Debug */,
				64D7CD171A79785C003CD8B5 /* Release */,
			);
			defaultConfigurationIsVisible = 0;
			defaultConfigurationName = Release;
		};
/* End XCConfigurationList section */
	};
	rootObject = 64D7CD021A79785C003CD8B5 /* Project object */;
}
