<?xml version="1.0" encoding="utf-8"?>
<Project ToolsVersion="12.0" xmlns="http://schemas.microsoft.com/developer/msbuild/2003">
  <ItemGroup>
    <ClCompile Include="swmmopenmi.cpp">
      <Filter>Source Files</Filter>
    </ClCompile>
    <ClCompile Include="climate.c">
      <Filter>Source Files</Filter>
    </ClCompile>
    <ClCompile Include="controls.c">
      <Filter>Source Files</Filter>
    </ClCompile>
    <ClCompile Include="culvert.c">
      <Filter>Source Files</Filter>
    </ClCompile>
    <ClCompile Include="datetime.c">
      <Filter>Source Files</Filter>
    </ClCompile>
    <ClCompile Include="dwflow.c">
      <Filter>Source Files</Filter>
    </ClCompile>
    <ClCompile Include="dynwave.c">
      <Filter>Source Files</Filter>
    </ClCompile>
    <ClCompile Include="error.c">
      <Filter>Source Files</Filter>
    </ClCompile>
    <ClCompile Include="findroot.c">
      <Filter>Source Files</Filter>
    </ClCompile>
    <ClCompile Include="flowrout.c">
      <Filter>Source Files</Filter>
    </ClCompile>
    <ClCompile Include="forcmain.c">
      <Filter>Source Files</Filter>
    </ClCompile>
    <ClCompile Include="gage.c">
      <Filter>Source Files</Filter>
    </ClCompile>
    <ClCompile Include="gwater.c">
      <Filter>Source Files</Filter>
    </ClCompile>
    <ClCompile Include="hash.c">
      <Filter>Source Files</Filter>
    </ClCompile>
    <ClCompile Include="hotstart.c">
      <Filter>Source Files</Filter>
    </ClCompile>
    <ClCompile Include="iface.c">
      <Filter>Source Files</Filter>
    </ClCompile>
    <ClCompile Include="infil.c">
      <Filter>Source Files</Filter>
    </ClCompile>
    <ClCompile Include="inflow.c">
      <Filter>Source Files</Filter>
    </ClCompile>
    <ClCompile Include="input.c">
      <Filter>Source Files</Filter>
    </ClCompile>
    <ClCompile Include="inputrpt.c">
      <Filter>Source Files</Filter>
    </ClCompile>
    <ClCompile Include="keywords.c">
      <Filter>Source Files</Filter>
    </ClCompile>
    <ClCompile Include="kinwave.c">
      <Filter>Source Files</Filter>
    </ClCompile>
    <ClCompile Include="landuse.c">
      <Filter>Source Files</Filter>
    </ClCompile>
    <ClCompile Include="lid.c">
      <Filter>Source Files</Filter>
    </ClCompile>
    <ClCompile Include="lidproc.c">
      <Filter>Source Files</Filter>
    </ClCompile>
    <ClCompile Include="link.c">
      <Filter>Source Files</Filter>
    </ClCompile>
    <ClCompile Include="massbal.c">
      <Filter>Source Files</Filter>
    </ClCompile>
    <ClCompile Include="mathexpr.c">
      <Filter>Source Files</Filter>
    </ClCompile>
    <ClCompile Include="mempool.c">
      <Filter>Source Files</Filter>
    </ClCompile>
    <ClCompile Include="node.c">
      <Filter>Source Files</Filter>
    </ClCompile>
    <ClCompile Include="xsect.c">
      <Filter>Source Files</Filter>
    </ClCompile>
    <ClCompile Include="treatmnt.c">
      <Filter>Source Files</Filter>
    </ClCompile>
    <ClCompile Include="transect.c">
      <Filter>Source Files</Filter>
    </ClCompile>
    <ClCompile Include="toposort.c">
      <Filter>Source Files</Filter>
    </ClCompile>
    <ClCompile Include="table.c">
      <Filter>Source Files</Filter>
    </ClCompile>
    <ClCompile Include="swmm5.c">
      <Filter>Source Files</Filter>
    </ClCompile>
    <ClCompile Include="subcatch.c">
      <Filter>Source Files</Filter>
    </ClCompile>
    <ClCompile Include="statsrpt.c">
      <Filter>Source Files</Filter>
    </ClCompile>
    <ClCompile Include="stats.c">
      <Filter>Source Files</Filter>
    </ClCompile>
    <ClCompile Include="snow.c">
      <Filter>Source Files</Filter>
    </ClCompile>
    <ClCompile Include="shape.c">
      <Filter>Source Files</Filter>
    </ClCompile>
    <ClCompile Include="runoff.c">
      <Filter>Source Files</Filter>
    </ClCompile>
    <ClCompile Include="routing.c">
      <Filter>Source Files</Filter>
    </ClCompile>
    <ClCompile Include="stdafx.cpp">
      <Filter>Source Files</Filter>
    </ClCompile>
    <ClCompile Include="rdii.c">
      <Filter>Source Files</Filter>
    </ClCompile>
    <ClCompile Include="report.c">
      <Filter>Source Files</Filter>
    </ClCompile>
    <ClCompile Include="rain.c">
      <Filter>Source Files</Filter>
    </ClCompile>
    <ClCompile Include="odesolve.c">
      <Filter>Source Files</Filter>
    </ClCompile>
    <ClCompile Include="qualrout.c">
      <Filter>Source Files</Filter>
    </ClCompile>
    <ClCompile Include="project.c">
      <Filter>Source Files</Filter>
    </ClCompile>
    <ClCompile Include="output.c">
      <Filter>Source Files</Filter>
    </ClCompile>
  </ItemGroup>
  <ItemGroup>
    <ClInclude Include="swmmopenmi.h">
      <Filter>Header Files</Filter>
    </ClInclude>
    <ClInclude Include="swmmopenmi_global.h">
      <Filter>Header Files</Filter>
    </ClInclude>
    <ClInclude Include="consts.h">
      <Filter>Header Files</Filter>
    </ClInclude>
    <ClInclude Include="datetime.h">
      <Filter>Header Files</Filter>
    </ClInclude>
    <ClInclude Include="enums.h">
      <Filter>Header Files</Filter>
    </ClInclude>
    <ClInclude Include="error.h">
      <Filter>Header Files</Filter>
    </ClInclude>
    <ClInclude Include="findroot.h">
      <Filter>Header Files</Filter>
    </ClInclude>
    <ClInclude Include="funcs.h">
      <Filter>Header Files</Filter>
    </ClInclude>
    <ClInclude Include="globals.h">
      <Filter>Header Files</Filter>
    </ClInclude>
    <ClInclude Include="hash.h">
      <Filter>Header Files</Filter>
    </ClInclude>
    <ClInclude Include="headers.h">
      <Filter>Header Files</Filter>
    </ClInclude>
    <ClInclude Include="infil.h">
      <Filter>Header Files</Filter>
    </ClInclude>
    <ClInclude Include="keywords.h">
      <Filter>Header Files</Filter>
    </ClInclude>
    <ClInclude Include="lid.h">
      <Filter>Header Files</Filter>
    </ClInclude>
    <ClInclude Include="macros.h">
      <Filter>Header Files</Filter>
    </ClInclude>
    <ClInclude Include="mathexpr.h">
      <Filter>Header Files</Filter>
    </ClInclude>
    <ClInclude Include="mempool.h">
      <Filter>Header Files</Filter>
    </ClInclude>
    <ClInclude Include="objects.h">
      <Filter>Header Files</Filter>
    </ClInclude>
    <ClInclude Include="odesolve.h">
      <Filter>Header Files</Filter>
    </ClInclude>
    <ClInclude Include="swmm5.h">
      <Filter>Header Files</Filter>
    </ClInclude>
    <ClInclude Include="stdafx.h">
      <Filter>Header Files</Filter>
    </ClInclude>
    <ClInclude Include="text.h">
      <Filter>Header Files</Filter>
    </ClInclude>
  </ItemGroup>
  <ItemGroup>
    <Filter Include="Source Files">
      <UniqueIdentifier>{4FC737F1-C7A5-4376-A066-2A32D752A2FF}</UniqueIdentifier>
      <Extensions>cpp;cxx;c;def</Extensions>
      <ParseFiles>true</ParseFiles>
    </Filter>
    <Filter Include="Header Files">
      <UniqueIdentifier>{93995380-89BD-4b04-88EB-625FBE52EBFB}</UniqueIdentifier>
      <Extensions>h</Extensions>
      <ParseFiles>true</ParseFiles>
    </Filter>
  </ItemGroup>
</Project>